// !$*UTF8*$!
{
	archiveVersion = 1;
	classes = {
	};
	objectVersion = 46;
	objects = {

/* Begin PBXBuildFile section */
		1E8897AE1CBB3BA900823E2E /* main.m in Sources */ = {isa = PBXBuildFile; fileRef = 1E8897AD1CBB3BA900823E2E /* main.m */; };
		1E8897B11CBB3BA900823E2E /* AppDelegate.m in Sources */ = {isa = PBXBuildFile; fileRef = 1E8897B01CBB3BA900823E2E /* AppDelegate.m */; };
		1E8897B41CBB3BA900823E2E /* ViewController.m in Sources */ = {isa = PBXBuildFile; fileRef = 1E8897B31CBB3BA900823E2E /* ViewController.m */; };
		1E8897B71CBB3BA900823E2E /* Main.storyboard in Resources */ = {isa = PBXBuildFile; fileRef = 1E8897B51CBB3BA900823E2E /* Main.storyboard */; };
		1E8897B91CBB3BA900823E2E /* Assets.xcassets in Resources */ = {isa = PBXBuildFile; fileRef = 1E8897B81CBB3BA900823E2E /* Assets.xcassets */; };
		1E8897BC1CBB3BA900823E2E /* LaunchScreen.storyboard in Resources */ = {isa = PBXBuildFile; fileRef = 1E8897BA1CBB3BA900823E2E /* LaunchScreen.storyboard */; };
		1E8897C71CBB3BA900823E2E /* JSJellyViewTests.m in Sources */ = {isa = PBXBuildFile; fileRef = 1E8897C61CBB3BA900823E2E /* JSJellyViewTests.m */; };
		1E8897D21CBB3BA900823E2E /* JSJellyViewUITests.m in Sources */ = {isa = PBXBuildFile; fileRef = 1E8897D11CBB3BA900823E2E /* JSJellyViewUITests.m */; };
		1E8897E11CBB3BBA00823E2E /* JSJellyView.m in Sources */ = {isa = PBXBuildFile; fileRef = 1E8897E01CBB3BBA00823E2E /* JSJellyView.m */; };
/* End PBXBuildFile section */

/* Begin PBXContainerItemProxy section */
		1E8897C31CBB3BA900823E2E /* PBXContainerItemProxy */ = {
			isa = PBXContainerItemProxy;
			containerPortal = 1E8897A11CBB3BA900823E2E /* Project object */;
			proxyType = 1;
			remoteGlobalIDString = 1E8897A81CBB3BA900823E2E;
			remoteInfo = JSJellyView;
		};
		1E8897CE1CBB3BA900823E2E /* PBXContainerItemProxy */ = {
			isa = PBXContainerItemProxy;
			containerPortal = 1E8897A11CBB3BA900823E2E /* Project object */;
			proxyType = 1;
			remoteGlobalIDString = 1E8897A81CBB3BA900823E2E;
			remoteInfo = JSJellyView;
		};
/* End PBXContainerItemProxy section */

/* Begin PBXFileReference section */
		1E8897A91CBB3BA900823E2E /* JSJellyView.app */ = {isa = PBXFileReference; explicitFileType = wrapper.application; includeInIndex = 0; path = JSJellyView.app; sourceTree = BUILT_PRODUCTS_DIR; };
		1E8897AD1CBB3BA900823E2E /* main.m */ = {isa = PBXFileReference; lastKnownFileType = sourcecode.c.objc; path = main.m; sourceTree = "<group>"; };
		1E8897AF1CBB3BA900823E2E /* AppDelegate.h */ = {isa = PBXFileReference; lastKnownFileType = sourcecode.c.h; path = AppDelegate.h; sourceTree = "<group>"; };
		1E8897B01CBB3BA900823E2E /* AppDelegate.m */ = {isa = PBXFileReference; lastKnownFileType = sourcecode.c.objc; path = AppDelegate.m; sourceTree = "<group>"; };
		1E8897B21CBB3BA900823E2E /* ViewController.h */ = {isa = PBXFileReference; lastKnownFileType = sourcecode.c.h; path = ViewController.h; sourceTree = "<group>"; };
		1E8897B31CBB3BA900823E2E /* ViewController.m */ = {isa = PBXFileReference; lastKnownFileType = sourcecode.c.objc; path = ViewController.m; sourceTree = "<group>"; };
		1E8897B61CBB3BA900823E2E /* Base */ = {isa = PBXFileReference; lastKnownFileType = file.storyboard; name = Base; path = Base.lproj/Main.storyboard; sourceTree = "<group>"; };
		1E8897B81CBB3BA900823E2E /* Assets.xcassets */ = {isa = PBXFileReference; lastKnownFileType = folder.assetcatalog; path = Assets.xcassets; sourceTree = "<group>"; };
		1E8897BB1CBB3BA900823E2E /* Base */ = {isa = PBXFileReference; lastKnownFileType = file.storyboard; name = Base; path = Base.lproj/LaunchScreen.storyboard; sourceTree = "<group>"; };
		1E8897BD1CBB3BA900823E2E /* Info.plist */ = {isa = PBXFileReference; lastKnownFileType = text.plist.xml; path = Info.plist; sourceTree = "<group>"; };
		1E8897C21CBB3BA900823E2E /* JSJellyViewTests.xctest */ = {isa = PBXFileReference; explicitFileType = wrapper.cfbundle; includeInIndex = 0; path = JSJellyViewTests.xctest; sourceTree = BUILT_PRODUCTS_DIR; };
		1E8897C61CBB3BA900823E2E /* JSJellyViewTests.m */ = {isa = PBXFileReference; lastKnownFileType = sourcecode.c.objc; path = JSJellyViewTests.m; sourceTree = "<group>"; };
		1E8897C81CBB3BA900823E2E /* Info.plist */ = {isa = PBXFileReference; lastKnownFileType = text.plist.xml; path = Info.plist; sourceTree = "<group>"; };
		1E8897CD1CBB3BA900823E2E /* JSJellyViewUITests.xctest */ = {isa = PBXFileReference; explicitFileType = wrapper.cfbundle; includeInIndex = 0; path = JSJellyViewUITests.xctest; sourceTree = BUILT_PRODUCTS_DIR; };
		1E8897D11CBB3BA900823E2E /* JSJellyViewUITests.m */ = {isa = PBXFileReference; lastKnownFileType = sourcecode.c.objc; path = JSJellyViewUITests.m; sourceTree = "<group>"; };
		1E8897D31CBB3BA900823E2E /* Info.plist */ = {isa = PBXFileReference; lastKnownFileType = text.plist.xml; path = Info.plist; sourceTree = "<group>"; };
		1E8897DF1CBB3BBA00823E2E /* JSJellyView.h */ = {isa = PBXFileReference; fileEncoding = 4; lastKnownFileType = sourcecode.c.h; path = JSJellyView.h; sourceTree = "<group>"; };
		1E8897E01CBB3BBA00823E2E /* JSJellyView.m */ = {isa = PBXFileReference; fileEncoding = 4; lastKnownFileType = sourcecode.c.objc; path = JSJellyView.m; sourceTree = "<group>"; };
/* End PBXFileReference section */

/* Begin PBXFrameworksBuildPhase section */
		1E8897A61CBB3BA900823E2E /* Frameworks */ = {
			isa = PBXFrameworksBuildPhase;
			buildActionMask = 2147483647;
			files = (
			);
			runOnlyForDeploymentPostprocessing = 0;
		};
		1E8897BF1CBB3BA900823E2E /* Frameworks */ = {
			isa = PBXFrameworksBuildPhase;
			buildActionMask = 2147483647;
			files = (
			);
			runOnlyForDeploymentPostprocessing = 0;
		};
		1E8897CA1CBB3BA900823E2E /* Frameworks */ = {
			isa = PBXFrameworksBuildPhase;
			buildActionMask = 2147483647;
			files = (
			);
			runOnlyForDeploymentPostprocessing = 0;
		};
/* End PBXFrameworksBuildPhase section */

/* Begin PBXGroup section */
		1E8897A01CBB3BA900823E2E = {
			isa = PBXGroup;
			children = (
				1E8897AB1CBB3BA900823E2E /* JSJellyView */,
				1E8897C51CBB3BA900823E2E /* JSJellyViewTests */,
				1E8897D01CBB3BA900823E2E /* JSJellyViewUITests */,
				1E8897AA1CBB3BA900823E2E /* Products */,
			);
			sourceTree = "<group>";
		};
		1E8897AA1CBB3BA900823E2E /* Products */ = {
			isa = PBXGroup;
			children = (
				1E8897A91CBB3BA900823E2E /* JSJellyView.app */,
				1E8897C21CBB3BA900823E2E /* JSJellyViewTests.xctest */,
				1E8897CD1CBB3BA900823E2E /* JSJellyViewUITests.xctest */,
			);
			name = Products;
			sourceTree = "<group>";
		};
		1E8897AB1CBB3BA900823E2E /* JSJellyView */ = {
			isa = PBXGroup;
			children = (
				1E8897DF1CBB3BBA00823E2E /* JSJellyView.h */,
				1E8897E01CBB3BBA00823E2E /* JSJellyView.m */,
				1E8897AF1CBB3BA900823E2E /* AppDelegate.h */,
				1E8897B01CBB3BA900823E2E /* AppDelegate.m */,
				1E8897B21CBB3BA900823E2E /* ViewController.h */,
				1E8897B31CBB3BA900823E2E /* ViewController.m */,
				1E8897B51CBB3BA900823E2E /* Main.storyboard */,
				1E8897B81CBB3BA900823E2E /* Assets.xcassets */,
				1E8897BA1CBB3BA900823E2E /* LaunchScreen.storyboard */,
				1E8897BD1CBB3BA900823E2E /* Info.plist */,
				1E8897AC1CBB3BA900823E2E /* Supporting Files */,
			);
			path = JSJellyView;
			sourceTree = "<group>";
		};
		1E8897AC1CBB3BA900823E2E /* Supporting Files */ = {
			isa = PBXGroup;
			children = (
				1E8897AD1CBB3BA900823E2E /* main.m */,
			);
			name = "Supporting Files";
			sourceTree = "<group>";
		};
		1E8897C51CBB3BA900823E2E /* JSJellyViewTests */ = {
			isa = PBXGroup;
			children = (
				1E8897C61CBB3BA900823E2E /* JSJellyViewTests.m */,
				1E8897C81CBB3BA900823E2E /* Info.plist */,
			);
			path = JSJellyViewTests;
			sourceTree = "<group>";
		};
		1E8897D01CBB3BA900823E2E /* JSJellyViewUITests */ = {
			isa = PBXGroup;
			children = (
				1E8897D11CBB3BA900823E2E /* JSJellyViewUITests.m */,
				1E8897D31CBB3BA900823E2E /* Info.plist */,
			);
			path = JSJellyViewUITests;
			sourceTree = "<group>";
		};
/* End PBXGroup section */

/* Begin PBXNativeTarget section */
		1E8897A81CBB3BA900823E2E /* JSJellyView */ = {
			isa = PBXNativeTarget;
			buildConfigurationList = 1E8897D61CBB3BA900823E2E /* Build configuration list for PBXNativeTarget "JSJellyView" */;
			buildPhases = (
				1E8897A51CBB3BA900823E2E /* Sources */,
				1E8897A61CBB3BA900823E2E /* Frameworks */,
				1E8897A71CBB3BA900823E2E /* Resources */,
			);
			buildRules = (
			);
			dependencies = (
			);
			name = JSJellyView;
			productName = JSJellyView;
			productReference = 1E8897A91CBB3BA900823E2E /* JSJellyView.app */;
			productType = "com.apple.product-type.application";
		};
		1E8897C11CBB3BA900823E2E /* JSJellyViewTests */ = {
			isa = PBXNativeTarget;
			buildConfigurationList = 1E8897D91CBB3BA900823E2E /* Build configuration list for PBXNativeTarget "JSJellyViewTests" */;
			buildPhases = (
				1E8897BE1CBB3BA900823E2E /* Sources */,
				1E8897BF1CBB3BA900823E2E /* Frameworks */,
				1E8897C01CBB3BA900823E2E /* Resources */,
			);
			buildRules = (
			);
			dependencies = (
				1E8897C41CBB3BA900823E2E /* PBXTargetDependency */,
			);
			name = JSJellyViewTests;
			productName = JSJellyViewTests;
			productReference = 1E8897C21CBB3BA900823E2E /* JSJellyViewTests.xctest */;
			productType = "com.apple.product-type.bundle.unit-test";
		};
		1E8897CC1CBB3BA900823E2E /* JSJellyViewUITests */ = {
			isa = PBXNativeTarget;
			buildConfigurationList = 1E8897DC1CBB3BA900823E2E /* Build configuration list for PBXNativeTarget "JSJellyViewUITests" */;
			buildPhases = (
				1E8897C91CBB3BA900823E2E /* Sources */,
				1E8897CA1CBB3BA900823E2E /* Frameworks */,
				1E8897CB1CBB3BA900823E2E /* Resources */,
			);
			buildRules = (
			);
			dependencies = (
				1E8897CF1CBB3BA900823E2E /* PBXTargetDependency */,
			);
			name = JSJellyViewUITests;
			productName = JSJellyViewUITests;
			productReference = 1E8897CD1CBB3BA900823E2E /* JSJellyViewUITests.xctest */;
			productType = "com.apple.product-type.bundle.ui-testing";
		};
/* End PBXNativeTarget section */

/* Begin PBXProject section */
		1E8897A11CBB3BA900823E2E /* Project object */ = {
			isa = PBXProject;
			attributes = {
				LastUpgradeCheck = 0730;
				ORGANIZATIONNAME = V;
				TargetAttributes = {
					1E8897A81CBB3BA900823E2E = {
						CreatedOnToolsVersion = 7.3;
					};
					1E8897C11CBB3BA900823E2E = {
						CreatedOnToolsVersion = 7.3;
						TestTargetID = 1E8897A81CBB3BA900823E2E;
					};
					1E8897CC1CBB3BA900823E2E = {
						CreatedOnToolsVersion = 7.3;
						TestTargetID = 1E8897A81CBB3BA900823E2E;
					};
				};
			};
			buildConfigurationList = 1E8897A41CBB3BA900823E2E /* Build configuration list for PBXProject "JSJellyView" */;
			compatibilityVersion = "Xcode 3.2";
			developmentRegion = English;
			hasScannedForEncodings = 0;
			knownRegions = (
				en,
				Base,
			);
			mainGroup = 1E8897A01CBB3BA900823E2E;
			productRefGroup = 1E8897AA1CBB3BA900823E2E /* Products */;
			projectDirPath = "";
			projectRoot = "";
			targets = (
				1E8897A81CBB3BA900823E2E /* JSJellyView */,
				1E8897C11CBB3BA900823E2E /* JSJellyViewTests */,
				1E8897CC1CBB3BA900823E2E /* JSJellyViewUITests */,
			);
		};
/* End PBXProject section */

/* Begin PBXResourcesBuildPhase section */
		1E8897A71CBB3BA900823E2E /* Resources */ = {
			isa = PBXResourcesBuildPhase;
			buildActionMask = 2147483647;
			files = (
				1E8897BC1CBB3BA900823E2E /* LaunchScreen.storyboard in Resources */,
				1E8897B91CBB3BA900823E2E /* Assets.xcassets in Resources */,
				1E8897B71CBB3BA900823E2E /* Main.storyboard in Resources */,
			);
			runOnlyForDeploymentPostprocessing = 0;
		};
		1E8897C01CBB3BA900823E2E /* Resources */ = {
			isa = PBXResourcesBuildPhase;
			buildActionMask = 2147483647;
			files = (
			);
			runOnlyForDeploymentPostprocessing = 0;
		};
		1E8897CB1CBB3BA900823E2E /* Resources */ = {
			isa = PBXResourcesBuildPhase;
			buildActionMask = 2147483647;
			files = (
			);
			runOnlyForDeploymentPostprocessing = 0;
		};
/* End PBXResourcesBuildPhase section */

/* Begin PBXSourcesBuildPhase section */
		1E8897A51CBB3BA900823E2E /* Sources */ = {
			isa = PBXSourcesBuildPhase;
			buildActionMask = 2147483647;
			files = (
				1E8897E11CBB3BBA00823E2E /* JSJellyView.m in Sources */,
				1E8897B41CBB3BA900823E2E /* ViewController.m in Sources */,
				1E8897B11CBB3BA900823E2E /* AppDelegate.m in Sources */,
				1E8897AE1CBB3BA900823E2E /* main.m in Sources */,
			);
			runOnlyForDeploymentPostprocessing = 0;
		};
		1E8897BE1CBB3BA900823E2E /* Sources */ = {
			isa = PBXSourcesBuildPhase;
			buildActionMask = 2147483647;
			files = (
				1E8897C71CBB3BA900823E2E /* JSJellyViewTests.m in Sources */,
			);
			runOnlyForDeploymentPostprocessing = 0;
		};
		1E8897C91CBB3BA900823E2E /* Sources */ = {
			isa = PBXSourcesBuildPhase;
			buildActionMask = 2147483647;
			files = (
				1E8897D21CBB3BA900823E2E /* JSJellyViewUITests.m in Sources */,
			);
			runOnlyForDeploymentPostprocessing = 0;
		};
/* End PBXSourcesBuildPhase section */

/* Begin PBXTargetDependency section */
		1E8897C41CBB3BA900823E2E /* PBXTargetDependency */ = {
			isa = PBXTargetDependency;
			target = 1E8897A81CBB3BA900823E2E /* JSJellyView */;
			targetProxy = 1E8897C31CBB3BA900823E2E /* PBXContainerItemProxy */;
		};
		1E8897CF1CBB3BA900823E2E /* PBXTargetDependency */ = {
			isa = PBXTargetDependency;
			target = 1E8897A81CBB3BA900823E2E /* JSJellyView */;
			targetProxy = 1E8897CE1CBB3BA900823E2E /* PBXContainerItemProxy */;
		};
/* End PBXTargetDependency section */

/* Begin PBXVariantGroup section */
		1E8897B51CBB3BA900823E2E /* Main.storyboard */ = {
			isa = PBXVariantGroup;
			children = (
				1E8897B61CBB3BA900823E2E /* Base */,
			);
			name = Main.storyboard;
			sourceTree = "<group>";
		};
		1E8897BA1CBB3BA900823E2E /* LaunchScreen.storyboard */ = {
			isa = PBXVariantGroup;
			children = (
				1E8897BB1CBB3BA900823E2E /* Base */,
			);
			name = LaunchScreen.storyboard;
			sourceTree = "<group>";
		};
/* End PBXVariantGroup section */

/* Begin XCBuildConfiguration section */
		1E8897D41CBB3BA900823E2E /* Debug */ = {
			isa = XCBuildConfiguration;
			buildSettings = {
				ALWAYS_SEARCH_USER_PATHS = NO;
				CLANG_ANALYZER_NONNULL = YES;
				CLANG_CXX_LANGUAGE_STANDARD = "gnu++0x";
				CLANG_CXX_LIBRARY = "libc++";
				CLANG_ENABLE_MODULES = YES;
				CLANG_ENABLE_OBJC_ARC = YES;
				CLANG_WARN_BOOL_CONVERSION = YES;
				CLANG_WARN_CONSTANT_CONVERSION = YES;
				CLANG_WARN_DIRECT_OBJC_ISA_USAGE = YES_ERROR;
				CLANG_WARN_EMPTY_BODY = YES;
				CLANG_WARN_ENUM_CONVERSION = YES;
				CLANG_WARN_INT_CONVERSION = YES;
				CLANG_WARN_OBJC_ROOT_CLASS = YES_ERROR;
				CLANG_WARN_UNREACHABLE_CODE = YES;
				CLANG_WARN__DUPLICATE_METHOD_MATCH = YES;
				"CODE_SIGN_IDENTITY[sdk=iphoneos*]" = "iPhone Developer";
				COPY_PHASE_STRIP = NO;
				DEBUG_INFORMATION_FORMAT = dwarf;
				ENABLE_STRICT_OBJC_MSGSEND = YES;
				ENABLE_TESTABILITY = YES;
				GCC_C_LANGUAGE_STANDARD = gnu99;
				GCC_DYNAMIC_NO_PIC = NO;
				GCC_NO_COMMON_BLOCKS = YES;
				GCC_OPTIMIZATION_LEVEL = 0;
				GCC_PREPROCESSOR_DEFINITIONS = (
					"DEBUG=1",
					"$(inherited)",
				);
				GCC_WARN_64_TO_32_BIT_CONVERSION = YES;
				GCC_WARN_ABOUT_RETURN_TYPE = YES_ERROR;
				GCC_WARN_UNDECLARED_SELECTOR = YES;
				GCC_WARN_UNINITIALIZED_AUTOS = YES_AGGRESSIVE;
				GCC_WARN_UNUSED_FUNCTION = YES;
				GCC_WARN_UNUSED_VARIABLE = YES;
				IPHONEOS_DEPLOYMENT_TARGET = 9.3;
				MTL_ENABLE_DEBUG_INFO = YES;
				ONLY_ACTIVE_ARCH = YES;
				SDKROOT = iphoneos;
			};
			name = Debug;
		};
		1E8897D51CBB3BA900823E2E /* Release */ = {
			isa = XCBuildConfiguration;
			buildSettings = {
				ALWAYS_SEARCH_USER_PATHS = NO;
				CLANG_ANALYZER_NONNULL = YES;
				CLANG_CXX_LANGUAGE_STANDARD = "gnu++0x";
				CLANG_CXX_LIBRARY = "libc++";
				CLANG_ENABLE_MODULES = YES;
				CLANG_ENABLE_OBJC_ARC = YES;
				CLANG_WARN_BOOL_CONVERSION = YES;
				CLANG_WARN_CONSTANT_CONVERSION = YES;
				CLANG_WARN_DIRECT_OBJC_ISA_USAGE = YES_ERROR;
				CLANG_WARN_EMPTY_BODY = YES;
				CLANG_WARN_ENUM_CONVERSION = YES;
				CLANG_WARN_INT_CONVERSION = YES;
				CLANG_WARN_OBJC_ROOT_CLASS = YES_ERROR;
				CLANG_WARN_UNREACHABLE_CODE = YES;
				CLANG_WARN__DUPLICATE_METHOD_MATCH = YES;
				"CODE_SIGN_IDENTITY[sdk=iphoneos*]" = "iPhone Developer";
				COPY_PHASE_STRIP = NO;
				DEBUG_INFORMATION_FORMAT = "dwarf-with-dsym";
				ENABLE_NS_ASSERTIONS = NO;
				ENABLE_STRICT_OBJC_MSGSEND = YES;
				GCC_C_LANGUAGE_STANDARD = gnu99;
				GCC_NO_COMMON_BLOCKS = YES;
				GCC_WARN_64_TO_32_BIT_CONVERSION = YES;
				GCC_WARN_ABOUT_RETURN_TYPE = YES_ERROR;
				GCC_WARN_UNDECLARED_SELECTOR = YES;
				GCC_WARN_UNINITIALIZED_AUTOS = YES_AGGRESSIVE;
				GCC_WARN_UNUSED_FUNCTION = YES;
				GCC_WARN_UNUSED_VARIABLE = YES;
				IPHONEOS_DEPLOYMENT_TARGET = 9.3;
				MTL_ENABLE_DEBUG_INFO = NO;
				SDKROOT = iphoneos;
				VALIDATE_PRODUCT = YES;
			};
			name = Release;
		};
		1E8897D71CBB3BA900823E2E /* Debug */ = {
			isa = XCBuildConfiguration;
			buildSettings = {
				ASSETCATALOG_COMPILER_APPICON_NAME = AppIcon;
				INFOPLIST_FILE = JSJellyView/Info.plist;
				LD_RUNPATH_SEARCH_PATHS = "$(inherited) @executable_path/Frameworks";
				PRODUCT_BUNDLE_IDENTIFIER = panda.com.JSJellyView;
				PRODUCT_NAME = "$(TARGET_NAME)";
			};
			name = Debug;
		};
		1E8897D81CBB3BA900823E2E /* Release */ = {
			isa = XCBuildConfiguration;
			buildSettings = {
				ASSETCATALOG_COMPILER_APPICON_NAME = AppIcon;
				INFOPLIST_FILE = JSJellyView/Info.plist;
				LD_RUNPATH_SEARCH_PATHS = "$(inherited) @executable_path/Frameworks";
				PRODUCT_BUNDLE_IDENTIFIER = panda.com.JSJellyView;
				PRODUCT_NAME = "$(TARGET_NAME)";
			};
			name = Release;
		};
		1E8897DA1CBB3BA900823E2E /* Debug */ = {
			isa = XCBuildConfiguration;
			buildSettings = {
				BUNDLE_LOADER = "$(TEST_HOST)";
				INFOPLIST_FILE = JSJellyViewTests/Info.plist;
				LD_RUNPATH_SEARCH_PATHS = "$(inherited) @executable_path/Frameworks @loader_path/Frameworks";
				PRODUCT_BUNDLE_IDENTIFIER = panda.com.JSJellyViewTests;
				PRODUCT_NAME = "$(TARGET_NAME)";
				TEST_HOST = "$(BUILT_PRODUCTS_DIR)/JSJellyView.app/JSJellyView";
			};
			name = Debug;
		};
		1E8897DB1CBB3BA900823E2E /* Release */ = {
			isa = XCBuildConfiguration;
			buildSettings = {
				BUNDLE_LOADER = "$(TEST_HOST)";
				INFOPLIST_FILE = JSJellyViewTests/Info.plist;
				LD_RUNPATH_SEARCH_PATHS = "$(inherited) @executable_path/Frameworks @loader_path/Frameworks";
				PRODUCT_BUNDLE_IDENTIFIER = panda.com.JSJellyViewTests;
				PRODUCT_NAME = "$(TARGET_NAME)";
				TEST_HOST = "$(BUILT_PRODUCTS_DIR)/JSJellyView.app/JSJellyView";
			};
			name = Release;
		};
		1E8897DD1CBB3BA900823E2E /* Debug */ = {
			isa = XCBuildConfiguration;
			buildSettings = {
				INFOPLIST_FILE = JSJellyViewUITests/Info.plist;
				LD_RUNPATH_SEARCH_PATHS = "$(inherited) @executable_path/Frameworks @loader_path/Frameworks";
				PRODUCT_BUNDLE_IDENTIFIER = panda.com.JSJellyViewUITests;
				PRODUCT_NAME = "$(TARGET_NAME)";
				TEST_TARGET_NAME = JSJellyView;
			};
			name = Debug;
		};
		1E8897DE1CBB3BA900823E2E /* Release */ = {
			isa = XCBuildConfiguration;
			buildSettings = {
				INFOPLIST_FILE = JSJellyViewUITests/Info.plist;
				LD_RUNPATH_SEARCH_PATHS = "$(inherited) @executable_path/Frameworks @loader_path/Frameworks";
				PRODUCT_BUNDLE_IDENTIFIER = panda.com.JSJellyViewUITests;
				PRODUCT_NAME = "$(TARGET_NAME)";
				TEST_TARGET_NAME = JSJellyView;
			};
			name = Release;
		};
/* End XCBuildConfiguration section */

/* Begin XCConfigurationList section */
		1E8897A41CBB3BA900823E2E /* Build configuration list for PBXProject "JSJellyView" */ = {
			isa = XCConfigurationList;
			buildConfigurations = (
				1E8897D41CBB3BA900823E2E /* Debug */,
				1E8897D51CBB3BA900823E2E /* Release */,
			);
			defaultConfigurationIsVisible = 0;
			defaultConfigurationName = Release;
		};
		1E8897D61CBB3BA900823E2E /* Build configuration list for PBXNativeTarget "JSJellyView" */ = {
			isa = XCConfigurationList;
			buildConfigurations = (
				1E8897D71CBB3BA900823E2E /* Debug */,
				1E8897D81CBB3BA900823E2E /* Release */,
			);
			defaultConfigurationIsVisible = 0;
			defaultConfigurationName = Release;
		};
		1E8897D91CBB3BA900823E2E /* Build configuration list for PBXNativeTarget "JSJellyViewTests" */ = {
			isa = XCConfigurationList;
			buildConfigurations = (
				1E8897DA1CBB3BA900823E2E /* Debug */,
				1E8897DB1CBB3BA900823E2E /* Release */,
			);
			defaultConfigurationIsVisible = 0;
			defaultConfigurationName = Release;
		};
		1E8897DC1CBB3BA900823E2E /* Build configuration list for PBXNativeTarget "JSJellyViewUITests" */ = {
			isa = XCConfigurationList;
			buildConfigurations = (
				1E8897DD1CBB3BA900823E2E /* Debug */,
				1E8897DE1CBB3BA900823E2E /* Release */,
			);
			defaultConfigurationIsVisible = 0;
			defaultConfigurationName = Release;
		};
/* End XCConfigurationList section */
	};
	rootObject = 1E8897A11CBB3BA900823E2E /* Project object */;
}
